
Microsoft Visual Studio Solution File, Format Version 12.00
# Visual Studio Version 17
VisualStudioVersion = 17.13.35818.85
MinimumVisualStudioVersion = 10.0.40219.1
Project("{FAE04EC0-301F-11D3-BF4B-00C04F79EFBC}") = "globalinternationaltrusts", "GuardianCapitalLLC\globalinternationaltrusts.csproj", "{EE63860F-B28B-4E9D-8541-CA8F1A579136}"
EndProject
Global
	GlobalSection(SolutionConfigurationPlatforms) = preSolution
		Debug|Any CPU = Debug|Any CPU
		Release|Any CPU = Release|Any CPU
	EndGlobalSection
	GlobalSection(ProjectConfigurationPlatforms) = postSolution
		{EE63860F-B28B-4E9D-8541-CA8F1A579136}.Debug|Any CPU.ActiveCfg = Debug|Any CPU
		{EE63860F-B28B-4E9D-8541-CA8F1A579136}.Debug|Any CPU.Build.0 = Debug|Any CPU
		{EE63860F-B28B-4E9D-8541-CA8F1A579136}.Release|Any CPU.ActiveCfg = Release|Any CPU
		{EE63860F-B28B-4E9D-8541-CA8F1A579136}.Release|Any CPU.Build.0 = Release|Any CPU
	EndGlobalSection
	GlobalSection(SolutionProperties) = preSolution
		HideSolutionNode = FALSE
	EndGlobalSection
	GlobalSection(ExtensibilityGlobals) = postSolution
		SolutionGuid = {8567ADE9-80CA-4F25-8187-FAE01209EE37}
	EndGlobalSection
EndGlobal
